// !$*UTF8*$!
{
	archiveVersion = 1;
	classes = {
	};
	objectVersion = 46;
	objects = {

/* Begin PBXBuildFile section */
		DC52E7E614F1E838002FEEC9 /* Weapon.m in Sources */ = {isa = PBXBuildFile; fileRef = DC52E7E514F1E838002FEEC9 /* Weapon.m */; };
		DC5754F714FB279F00410FA2 /* ModalStaticSegue.m in Sources */ = {isa = PBXBuildFile; fileRef = DC5754F214FB279E00410FA2 /* ModalStaticSegue.m */; };
		DC5754F814FB279F00410FA2 /* SlideLeftSegue.m in Sources */ = {isa = PBXBuildFile; fileRef = DC5754F414FB279F00410FA2 /* SlideLeftSegue.m */; };
		DC5754F914FB279F00410FA2 /* SlideRightSegue.m in Sources */ = {isa = PBXBuildFile; fileRef = DC5754F614FB279F00410FA2 /* SlideRightSegue.m */; };
		DC5754FD14FB30D500410FA2 /* sorting.png in Resources */ = {isa = PBXBuildFile; fileRef = DC5754FB14FB30D500410FA2 /* sorting.png */; };
		DC5754FE14FB30D500410FA2 /* sorting@2x~iphone.png in Resources */ = {isa = PBXBuildFile; fileRef = DC5754FC14FB30D500410FA2 /* sorting@2x~iphone.png */; };
		DC693BEF14EED86B00E68BF8 /* UIKit.framework in Frameworks */ = {isa = PBXBuildFile; fileRef = DC693BEE14EED86B00E68BF8 /* UIKit.framework */; };
		DC693BF114EED86B00E68BF8 /* Foundation.framework in Frameworks */ = {isa = PBXBuildFile; fileRef = DC693BF014EED86B00E68BF8 /* Foundation.framework */; };
		DC693BF314EED86B00E68BF8 /* CoreGraphics.framework in Frameworks */ = {isa = PBXBuildFile; fileRef = DC693BF214EED86B00E68BF8 /* CoreGraphics.framework */; };
		DC693BF514EED86B00E68BF8 /* CoreData.framework in Frameworks */ = {isa = PBXBuildFile; fileRef = DC693BF414EED86B00E68BF8 /* CoreData.framework */; };
		DC693BFB14EED86B00E68BF8 /* InfoPlist.strings in Resources */ = {isa = PBXBuildFile; fileRef = DC693BF914EED86B00E68BF8 /* InfoPlist.strings */; };
		DC693BFD14EED86B00E68BF8 /* main.m in Sources */ = {isa = PBXBuildFile; fileRef = DC693BFC14EED86B00E68BF8 /* main.m */; };
		DC693C0114EED86C00E68BF8 /* DNDAppDelegate.m in Sources */ = {isa = PBXBuildFile; fileRef = DC693C0014EED86C00E68BF8 /* DNDAppDelegate.m */; };
		DC693C1D14EED89300E68BF8 /* GDataXMLNode.m in Sources */ = {isa = PBXBuildFile; fileRef = DC693C1C14EED89300E68BF8 /* GDataXMLNode.m */; settings = {COMPILER_FLAGS = "-fno-objc-arc"; }; };
		DC693C2014EED8C700E68BF8 /* libxml2.dylib in Frameworks */ = {isa = PBXBuildFile; fileRef = DC693C1F14EED8C700E68BF8 /* libxml2.dylib */; };
		DC693C2214EED9E700E68BF8 /* Hunter_1.dnd4e in Resources */ = {isa = PBXBuildFile; fileRef = DC693C2114EED9E700E68BF8 /* Hunter_1.dnd4e */; };
		DC693C2514EEDCB500E68BF8 /* XMLReader.m in Sources */ = {isa = PBXBuildFile; fileRef = DC693C2414EEDCB500E68BF8 /* XMLReader.m */; settings = {COMPILER_FLAGS = "-fno-objc-arc"; }; };
		DC693C3814F0069200E68BF8 /* DictionaryExplorerViewController.m in Sources */ = {isa = PBXBuildFile; fileRef = DC693C3614F0069200E68BF8 /* DictionaryExplorerViewController.m */; };
		DC693C3914F0069200E68BF8 /* DictionaryExplorerViewController.xib in Resources */ = {isa = PBXBuildFile; fileRef = DC693C3714F0069200E68BF8 /* DictionaryExplorerViewController.xib */; };
		DC9711E914F954C60039443C /* MainStoryboard~iphone.storyboard in Resources */ = {isa = PBXBuildFile; fileRef = DC9711E814F954C60039443C /* MainStoryboard~iphone.storyboard */; };
		DC9711FA14F955B50039443C /* arrow.png in Resources */ = {isa = PBXBuildFile; fileRef = DC9711EC14F955B50039443C /* arrow.png */; };
		DC9711FB14F955B50039443C /* arrow@2x~iphone.png in Resources */ = {isa = PBXBuildFile; fileRef = DC9711ED14F955B50039443C /* arrow@2x~iphone.png */; };
		DC9711FC14F955B50039443C /* atwill.png in Resources */ = {isa = PBXBuildFile; fileRef = DC9711EE14F955B50039443C /* atwill.png */; };
		DC9711FD14F955B50039443C /* atwill@2x~iphone.png in Resources */ = {isa = PBXBuildFile; fileRef = DC9711EF14F955B50039443C /* atwill@2x~iphone.png */; };
		DC9711FE14F955B50039443C /* bg@2x~iphone.png in Resources */ = {isa = PBXBuildFile; fileRef = DC9711F014F955B50039443C /* bg@2x~iphone.png */; };
		DC9711FF14F955B50039443C /* bg~ipad.png in Resources */ = {isa = PBXBuildFile; fileRef = DC9711F114F955B50039443C /* bg~ipad.png */; };
		DC97120014F955B50039443C /* bg~iphone.png in Resources */ = {isa = PBXBuildFile; fileRef = DC9711F214F955B50039443C /* bg~iphone.png */; };
		DC97120114F955B50039443C /* calebkimbrough.jpg in Resources */ = {isa = PBXBuildFile; fileRef = DC9711F314F955B50039443C /* calebkimbrough.jpg */; };
		DC97120214F955B50039443C /* daily.png in Resources */ = {isa = PBXBuildFile; fileRef = DC9711F414F955B50039443C /* daily.png */; };
		DC97120314F955B50039443C /* daily@2x~iphone.png in Resources */ = {isa = PBXBuildFile; fileRef = DC9711F514F955B50039443C /* daily@2x~iphone.png */; };
		DC97120414F955B50039443C /* encounter.png in Resources */ = {isa = PBXBuildFile; fileRef = DC9711F614F955B50039443C /* encounter.png */; };
		DC97120514F955B50039443C /* encounter@2x~iphone.png in Resources */ = {isa = PBXBuildFile; fileRef = DC9711F714F955B50039443C /* encounter@2x~iphone.png */; };
		DC97120614F955B50039443C /* weapon.png in Resources */ = {isa = PBXBuildFile; fileRef = DC9711F814F955B50039443C /* weapon.png */; };
		DC97120714F955B50039443C /* weapon@2x~iphone.png in Resources */ = {isa = PBXBuildFile; fileRef = DC9711F914F955B50039443C /* weapon@2x~iphone.png */; };
		DC97120B14F9585A0039443C /* back.png in Resources */ = {isa = PBXBuildFile; fileRef = DC97120914F9585A0039443C /* back.png */; };
		DC97120C14F9585A0039443C /* back@2x~iphone.png in Resources */ = {isa = PBXBuildFile; fileRef = DC97120A14F9585A0039443C /* back@2x~iphone.png */; };
		DC97121514F9654B0039443C /* FileViewController.m in Sources */ = {isa = PBXBuildFile; fileRef = DC97121414F9654B0039443C /* FileViewController.m */; };
		DC97121814F9655E0039443C /* PageViewController.m in Sources */ = {isa = PBXBuildFile; fileRef = DC97121714F9655E0039443C /* PageViewController.m */; };
		DC97121B14F96B240039443C /* FileCell.m in Sources */ = {isa = PBXBuildFile; fileRef = DC97121A14F96B240039443C /* FileCell.m */; };
		DC97121E14F9748D0039443C /* CharViewController.m in Sources */ = {isa = PBXBuildFile; fileRef = DC97121D14F9748D0039443C /* CharViewController.m */; };
		DC97122114F97F210039443C /* ScoresViewController.m in Sources */ = {isa = PBXBuildFile; fileRef = DC97122014F97F210039443C /* ScoresViewController.m */; };
		DC97122414F985DD0039443C /* DetailViewController.m in Sources */ = {isa = PBXBuildFile; fileRef = DC97122314F985DC0039443C /* DetailViewController.m */; };
		DC97122A14F99D830039443C /* PowerCell.m in Sources */ = {isa = PBXBuildFile; fileRef = DC97122914F99D830039443C /* PowerCell.m */; };
		DC97122D14F99DAD0039443C /* PowerListViewController.m in Sources */ = {isa = PBXBuildFile; fileRef = DC97122C14F99DAA0039443C /* PowerListViewController.m */; };
		DC97123014F9A72A0039443C /* PowerDetailViewController.m in Sources */ = {isa = PBXBuildFile; fileRef = DC97122F14F9A7290039443C /* PowerDetailViewController.m */; };
		DC97123314F9BBE50039443C /* PageDetailViewController.m in Sources */ = {isa = PBXBuildFile; fileRef = DC97123214F9BBE40039443C /* PageDetailViewController.m */; };
		DC97123614F9C1650039443C /* ListViewController.m in Sources */ = {isa = PBXBuildFile; fileRef = DC97123514F9C1640039443C /* ListViewController.m */; };
		DC97123914F9D4BD0039443C /* SkillCells.m in Sources */ = {isa = PBXBuildFile; fileRef = DC97123814F9D4BC0039443C /* SkillCells.m */; };
		DC97123B14F9D9B30039443C /* Default.png in Resources */ = {isa = PBXBuildFile; fileRef = DC97123A14F9D9B20039443C /* Default.png */; };
		DC97123D14F9D9B80039443C /* Default@2x.png in Resources */ = {isa = PBXBuildFile; fileRef = DC97123C14F9D9B60039443C /* Default@2x.png */; };
		DC97123F14F9DB9E0039443C /* Icon@2x.png in Resources */ = {isa = PBXBuildFile; fileRef = DC97123E14F9DB9D0039443C /* Icon@2x.png */; };
		DC97124114F9DBA50039443C /* Icon-72.png in Resources */ = {isa = PBXBuildFile; fileRef = DC97124014F9DBA40039443C /* Icon-72.png */; };
		DC97124514F9DBD40039443C /* Doc~ipad.png in Resources */ = {isa = PBXBuildFile; fileRef = DC97124214F9DBD00039443C /* Doc~ipad.png */; };
		DC97124614F9DBD40039443C /* Doc.png in Resources */ = {isa = PBXBuildFile; fileRef = DC97124314F9DBD20039443C /* Doc.png */; };
		DC97124714F9DBD40039443C /* Doc@2x.png in Resources */ = {isa = PBXBuildFile; fileRef = DC97124414F9DBD30039443C /* Doc@2x.png */; };
		DC9AB7AD14F6702000B3B0F3 /* help.html in Resources */ = {isa = PBXBuildFile; fileRef = DC9AB7AC14F6701F00B3B0F3 /* help.html */; };
		DC9AB7B014F6722A00B3B0F3 /* dropbox.png in Resources */ = {isa = PBXBuildFile; fileRef = DC9AB7AE14F6722900B3B0F3 /* dropbox.png */; };
		DC9AB7B114F6722A00B3B0F3 /* mail.png in Resources */ = {isa = PBXBuildFile; fileRef = DC9AB7AF14F6722900B3B0F3 /* mail.png */; };
		DC9AB7BC14F6795D00B3B0F3 /* HelpViewController.m in Sources */ = {isa = PBXBuildFile; fileRef = DC9AB7BA14F6795D00B3B0F3 /* HelpViewController.m */; };
		DC9AB7BD14F6795D00B3B0F3 /* HelpViewController.xib in Resources */ = {isa = PBXBuildFile; fileRef = DC9AB7BB14F6795D00B3B0F3 /* HelpViewController.xib */; };
		DC9AB7EB14F6C37200B3B0F3 /* area.png in Resources */ = {isa = PBXBuildFile; fileRef = DC9AB7DB14F6C37200B3B0F3 /* area.png */; };
		DC9AB7EC14F6C37200B3B0F3 /* area@2x~iphone.png in Resources */ = {isa = PBXBuildFile; fileRef = DC9AB7DC14F6C37200B3B0F3 /* area@2x~iphone.png */; };
		DC9AB7ED14F6C37200B3B0F3 /* atwillrow.png in Resources */ = {isa = PBXBuildFile; fileRef = DC9AB7DD14F6C37200B3B0F3 /* atwillrow.png */; };
		DC9AB7EE14F6C37200B3B0F3 /* atwillrow@2x~iphone.png in Resources */ = {isa = PBXBuildFile; fileRef = DC9AB7DE14F6C37200B3B0F3 /* atwillrow@2x~iphone.png */; };
		DC9AB7EF14F6C37200B3B0F3 /* close.png in Resources */ = {isa = PBXBuildFile; fileRef = DC9AB7DF14F6C37200B3B0F3 /* close.png */; };
		DC9AB7F014F6C37200B3B0F3 /* close@2x~iphone.png in Resources */ = {isa = PBXBuildFile; fileRef = DC9AB7E014F6C37200B3B0F3 /* close@2x~iphone.png */; };
		DC9AB7F114F6C37200B3B0F3 /* dailyrow.png in Resources */ = {isa = PBXBuildFile; fileRef = DC9AB7E114F6C37200B3B0F3 /* dailyrow.png */; };
		DC9AB7F214F6C37200B3B0F3 /* dailyrow@2x~iphone.png in Resources */ = {isa = PBXBuildFile; fileRef = DC9AB7E214F6C37200B3B0F3 /* dailyrow@2x~iphone.png */; };
		DC9AB7F314F6C37200B3B0F3 /* encounterrow.png in Resources */ = {isa = PBXBuildFile; fileRef = DC9AB7E314F6C37200B3B0F3 /* encounterrow.png */; };
		DC9AB7F414F6C37200B3B0F3 /* encounterrow@2x~iphone.png in Resources */ = {isa = PBXBuildFile; fileRef = DC9AB7E414F6C37200B3B0F3 /* encounterrow@2x~iphone.png */; };
		DC9AB7F514F6C37200B3B0F3 /* melee.png in Resources */ = {isa = PBXBuildFile; fileRef = DC9AB7E514F6C37200B3B0F3 /* melee.png */; };
		DC9AB7F614F6C37200B3B0F3 /* melee@2x~iphone.png in Resources */ = {isa = PBXBuildFile; fileRef = DC9AB7E614F6C37200B3B0F3 /* melee@2x~iphone.png */; };
		DC9AB7F714F6C37200B3B0F3 /* meleeranged.png in Resources */ = {isa = PBXBuildFile; fileRef = DC9AB7E714F6C37200B3B0F3 /* meleeranged.png */; };
		DC9AB7F814F6C37200B3B0F3 /* meleeranged@2x~iphone.png in Resources */ = {isa = PBXBuildFile; fileRef = DC9AB7E814F6C37200B3B0F3 /* meleeranged@2x~iphone.png */; };
		DC9AB7F914F6C37200B3B0F3 /* ranged.png in Resources */ = {isa = PBXBuildFile; fileRef = DC9AB7E914F6C37200B3B0F3 /* ranged.png */; };
		DC9AB7FA14F6C37200B3B0F3 /* ranged@2x~iphone.png in Resources */ = {isa = PBXBuildFile; fileRef = DC9AB7EA14F6C37200B3B0F3 /* ranged@2x~iphone.png */; };
		DCA8021914F0A2A500620379 /* Window_iphone.xib in Resources */ = {isa = PBXBuildFile; fileRef = DCA8021814F0A2A500620379 /* Window_iphone.xib */; };
		DCA8021B14F0A2B700620379 /* Window_ipad.xib in Resources */ = {isa = PBXBuildFile; fileRef = DCA8021A14F0A2B700620379 /* Window_ipad.xib */; };
		DCA8023C14F0A96E00620379 /* BlockActions.m in Sources */ = {isa = PBXBuildFile; fileRef = DCA8022D14F0A96E00620379 /* BlockActions.m */; };
		DCA8023E14F0A96E00620379 /* Utility.m in Sources */ = {isa = PBXBuildFile; fileRef = DCA8023014F0A96E00620379 /* Utility.m */; };
		DCA8023F14F0A96E00620379 /* MBProgressHUD.m in Sources */ = {isa = PBXBuildFile; fileRef = DCA8023314F0A96E00620379 /* MBProgressHUD.m */; };
		DCA8024014F0A96E00620379 /* UIWebView_Misc.m in Sources */ = {isa = PBXBuildFile; fileRef = DCA8023514F0A96E00620379 /* UIWebView_Misc.m */; };
		DCA8024414F0A9AA00620379 /* Data.m in Sources */ = {isa = PBXBuildFile; fileRef = DCA8024314F0A9AA00620379 /* Data.m */; };
		DCA8024814F1328900620379 /* ContentViewController.m in Sources */ = {isa = PBXBuildFile; fileRef = DCA8024614F1328800620379 /* ContentViewController.m */; };
		DCA8024914F1328900620379 /* ContentViewController.xib in Resources */ = {isa = PBXBuildFile; fileRef = DCA8024714F1328800620379 /* ContentViewController.xib */; };
		DCA8024C14F1335100620379 /* Power.m in Sources */ = {isa = PBXBuildFile; fileRef = DCA8024B14F1335000620379 /* Power.m */; };
		DCA8024F14F1335100620379 /* RulesElement.m in Sources */ = {isa = PBXBuildFile; fileRef = DCA8024E14F1335100620379 /* RulesElement.m */; };
		DCDCC1DC14F2F68E004BE096 /* Icon.png in Resources */ = {isa = PBXBuildFile; fileRef = DCDCC1DB14F2F68E004BE096 /* Icon.png */; };
		DCDCC1DE14F3145D004BE096 /* Dwrf_Axe.dnd4e in Resources */ = {isa = PBXBuildFile; fileRef = DCDCC1DD14F3145D004BE096 /* Dwrf_Axe.dnd4e */; };
		DCDCC1E014F31469004BE096 /* Frakk30.dnd4e in Resources */ = {isa = PBXBuildFile; fileRef = DCDCC1DF14F31468004BE096 /* Frakk30.dnd4e */; };
		DCDCC1E214F31984004BE096 /* ShadarKai_Wizard6.dnd4e in Resources */ = {isa = PBXBuildFile; fileRef = DCDCC1E114F31984004BE096 /* ShadarKai_Wizard6.dnd4e */; };
		DCDCC1E414F3199F004BE096 /* Fighter_Assassin_21.dnd4e in Resources */ = {isa = PBXBuildFile; fileRef = DCDCC1E314F3199E004BE096 /* Fighter_Assassin_21.dnd4e */; };
		DCDCC1E614F327B6004BE096 /* dnd_4e_icons_v3.ttf in Resources */ = {isa = PBXBuildFile; fileRef = DCDCC1E514F327B6004BE096 /* dnd_4e_icons_v3.ttf */; };
		DCDCC1E914F32DFC004BE096 /* Loot.m in Sources */ = {isa = PBXBuildFile; fileRef = DCDCC1E814F32DFC004BE096 /* Loot.m */; };
		DCDCC1F014F34567004BE096 /* Character.m in Sources */ = {isa = PBXBuildFile; fileRef = DCDCC1EF14F34567004BE096 /* Character.m */; };
		DCDCC1F414F34C47004BE096 /* CharacterViewController.m in Sources */ = {isa = PBXBuildFile; fileRef = DCDCC1F214F34C46004BE096 /* CharacterViewController.m */; };
		DCDCC1F514F34C47004BE096 /* CharacterViewController.xib in Resources */ = {isa = PBXBuildFile; fileRef = DCDCC1F314F34C47004BE096 /* CharacterViewController.xib */; };
		DCDCC1F914F34DE8004BE096 /* MainViewController.m in Sources */ = {isa = PBXBuildFile; fileRef = DCDCC1F714F34DE7004BE096 /* MainViewController.m */; };
		DCDCC1FA14F34DE8004BE096 /* MainViewController.xib in Resources */ = {isa = PBXBuildFile; fileRef = DCDCC1F814F34DE7004BE096 /* MainViewController.xib */; };
		DCDCC1FD14F3DF25004BE096 /* AbilityScores.m in Sources */ = {isa = PBXBuildFile; fileRef = DCDCC1FC14F3DF25004BE096 /* AbilityScores.m */; };
		DCDCC20014F41F3E004BE096 /* Skill.m in Sources */ = {isa = PBXBuildFile; fileRef = DCDCC1FF14F41F3E004BE096 /* Skill.m */; };
		DCDCC23314F44CA7004BE096 /* Stat.m in Sources */ = {isa = PBXBuildFile; fileRef = DCDCC23214F44CA6004BE096 /* Stat.m */; };
		DCF7344C14F1CDE2007DC3F5 /* kaeltor12.dnd4e in Resources */ = {isa = PBXBuildFile; fileRef = DCF7344B14F1CDE2007DC3F5 /* kaeltor12.dnd4e */; };
/* End PBXBuildFile section */

/* Begin PBXFileReference section */
		DC52E7E414F1E838002FEEC9 /* Weapon.h */ = {isa = PBXFileReference; fileEncoding = 4; lastKnownFileType = sourcecode.c.h; name = Weapon.h; path = DataModel/Weapon.h; sourceTree = "<group>"; };
		DC52E7E514F1E838002FEEC9 /* Weapon.m */ = {isa = PBXFileReference; fileEncoding = 4; lastKnownFileType = sourcecode.c.objc; name = Weapon.m; path = DataModel/Weapon.m; sourceTree = "<group>"; };
		DC5754F114FB279E00410FA2 /* ModalStaticSegue.h */ = {isa = PBXFileReference; fileEncoding = 4; lastKnownFileType = sourcecode.c.h; path = ModalStaticSegue.h; sourceTree = "<group>"; };
		DC5754F214FB279E00410FA2 /* ModalStaticSegue.m */ = {isa = PBXFileReference; fileEncoding = 4; lastKnownFileType = sourcecode.c.objc; path = ModalStaticSegue.m; sourceTree = "<group>"; };
		DC5754F314FB279E00410FA2 /* SlideLeftSegue.h */ = {isa = PBXFileReference; fileEncoding = 4; lastKnownFileType = sourcecode.c.h; path = SlideLeftSegue.h; sourceTree = "<group>"; };
		DC5754F414FB279F00410FA2 /* SlideLeftSegue.m */ = {isa = PBXFileReference; fileEncoding = 4; lastKnownFileType = sourcecode.c.objc; path = SlideLeftSegue.m; sourceTree = "<group>"; };
		DC5754F514FB279F00410FA2 /* SlideRightSegue.h */ = {isa = PBXFileReference; fileEncoding = 4; lastKnownFileType = sourcecode.c.h; path = SlideRightSegue.h; sourceTree = "<group>"; };
		DC5754F614FB279F00410FA2 /* SlideRightSegue.m */ = {isa = PBXFileReference; fileEncoding = 4; lastKnownFileType = sourcecode.c.objc; path = SlideRightSegue.m; sourceTree = "<group>"; };
		DC5754FB14FB30D500410FA2 /* sorting.png */ = {isa = PBXFileReference; lastKnownFileType = image.png; path = sorting.png; sourceTree = "<group>"; };
		DC5754FC14FB30D500410FA2 /* sorting@2x~iphone.png */ = {isa = PBXFileReference; lastKnownFileType = image.png; path = "sorting@2x~iphone.png"; sourceTree = "<group>"; };
		DC693BEA14EED86B00E68BF8 /* DND4e.app */ = {isa = PBXFileReference; explicitFileType = wrapper.application; includeInIndex = 0; path = DND4e.app; sourceTree = BUILT_PRODUCTS_DIR; };
		DC693BEE14EED86B00E68BF8 /* UIKit.framework */ = {isa = PBXFileReference; lastKnownFileType = wrapper.framework; name = UIKit.framework; path = System/Library/Frameworks/UIKit.framework; sourceTree = SDKROOT; };
		DC693BF014EED86B00E68BF8 /* Foundation.framework */ = {isa = PBXFileReference; lastKnownFileType = wrapper.framework; name = Foundation.framework; path = System/Library/Frameworks/Foundation.framework; sourceTree = SDKROOT; };
		DC693BF214EED86B00E68BF8 /* CoreGraphics.framework */ = {isa = PBXFileReference; lastKnownFileType = wrapper.framework; name = CoreGraphics.framework; path = System/Library/Frameworks/CoreGraphics.framework; sourceTree = SDKROOT; };
		DC693BF414EED86B00E68BF8 /* CoreData.framework */ = {isa = PBXFileReference; lastKnownFileType = wrapper.framework; name = CoreData.framework; path = System/Library/Frameworks/CoreData.framework; sourceTree = SDKROOT; };
		DC693BF814EED86B00E68BF8 /* DND4e-Info.plist */ = {isa = PBXFileReference; lastKnownFileType = text.plist.xml; path = "DND4e-Info.plist"; sourceTree = "<group>"; };
		DC693BFA14EED86B00E68BF8 /* en */ = {isa = PBXFileReference; lastKnownFileType = text.plist.strings; name = en; path = en.lproj/InfoPlist.strings; sourceTree = "<group>"; };
		DC693BFC14EED86B00E68BF8 /* main.m */ = {isa = PBXFileReference; lastKnownFileType = sourcecode.c.objc; path = main.m; sourceTree = "<group>"; };
		DC693BFE14EED86B00E68BF8 /* DND4e-Prefix.pch */ = {isa = PBXFileReference; lastKnownFileType = sourcecode.c.h; path = "DND4e-Prefix.pch"; sourceTree = "<group>"; };
		DC693BFF14EED86C00E68BF8 /* DNDAppDelegate.h */ = {isa = PBXFileReference; lastKnownFileType = sourcecode.c.h; path = DNDAppDelegate.h; sourceTree = "<group>"; };
		DC693C0014EED86C00E68BF8 /* DNDAppDelegate.m */ = {isa = PBXFileReference; lastKnownFileType = sourcecode.c.objc; path = DNDAppDelegate.m; sourceTree = "<group>"; };
		DC693C1B14EED89300E68BF8 /* GDataXMLNode.h */ = {isa = PBXFileReference; fileEncoding = 4; lastKnownFileType = sourcecode.c.h; path = GDataXMLNode.h; sourceTree = "<group>"; };
		DC693C1C14EED89300E68BF8 /* GDataXMLNode.m */ = {isa = PBXFileReference; fileEncoding = 4; lastKnownFileType = sourcecode.c.objc; path = GDataXMLNode.m; sourceTree = "<group>"; };
		DC693C1F14EED8C700E68BF8 /* libxml2.dylib */ = {isa = PBXFileReference; lastKnownFileType = "compiled.mach-o.dylib"; name = libxml2.dylib; path = usr/lib/libxml2.dylib; sourceTree = SDKROOT; };
		DC693C2114EED9E700E68BF8 /* Hunter_1.dnd4e */ = {isa = PBXFileReference; fileEncoding = 4; lastKnownFileType = text; path = Hunter_1.dnd4e; sourceTree = "<group>"; };
		DC693C2314EEDCB500E68BF8 /* XMLReader.h */ = {isa = PBXFileReference; fileEncoding = 4; lastKnownFileType = sourcecode.c.h; path = XMLReader.h; sourceTree = "<group>"; };
		DC693C2414EEDCB500E68BF8 /* XMLReader.m */ = {isa = PBXFileReference; fileEncoding = 4; lastKnownFileType = sourcecode.c.objc; path = XMLReader.m; sourceTree = "<group>"; };
		DC693C3514F0069200E68BF8 /* DictionaryExplorerViewController.h */ = {isa = PBXFileReference; fileEncoding = 4; lastKnownFileType = sourcecode.c.h; path = DictionaryExplorerViewController.h; sourceTree = "<group>"; };
		DC693C3614F0069200E68BF8 /* DictionaryExplorerViewController.m */ = {isa = PBXFileReference; fileEncoding = 4; lastKnownFileType = sourcecode.c.objc; path = DictionaryExplorerViewController.m; sourceTree = "<group>"; };
		DC693C3714F0069200E68BF8 /* DictionaryExplorerViewController.xib */ = {isa = PBXFileReference; fileEncoding = 4; lastKnownFileType = file.xib; path = DictionaryExplorerViewController.xib; sourceTree = "<group>"; };
		DC9711E814F954C60039443C /* MainStoryboard~iphone.storyboard */ = {isa = PBXFileReference; fileEncoding = 4; lastKnownFileType = file.storyboard; path = "MainStoryboard~iphone.storyboard"; sourceTree = "<group>"; };
		DC9711EC14F955B50039443C /* arrow.png */ = {isa = PBXFileReference; lastKnownFileType = image.png; path = arrow.png; sourceTree = "<group>"; };
		DC9711ED14F955B50039443C /* arrow@2x~iphone.png */ = {isa = PBXFileReference; lastKnownFileType = image.png; path = "arrow@2x~iphone.png"; sourceTree = "<group>"; };
		DC9711EE14F955B50039443C /* atwill.png */ = {isa = PBXFileReference; lastKnownFileType = image.png; path = atwill.png; sourceTree = "<group>"; };
		DC9711EF14F955B50039443C /* atwill@2x~iphone.png */ = {isa = PBXFileReference; lastKnownFileType = image.png; path = "atwill@2x~iphone.png"; sourceTree = "<group>"; };
		DC9711F014F955B50039443C /* bg@2x~iphone.png */ = {isa = PBXFileReference; lastKnownFileType = image.png; path = "bg@2x~iphone.png"; sourceTree = "<group>"; };
		DC9711F114F955B50039443C /* bg~ipad.png */ = {isa = PBXFileReference; lastKnownFileType = image.png; path = "bg~ipad.png"; sourceTree = "<group>"; };
		DC9711F214F955B50039443C /* bg~iphone.png */ = {isa = PBXFileReference; lastKnownFileType = image.png; path = "bg~iphone.png"; sourceTree = "<group>"; };
		DC9711F314F955B50039443C /* calebkimbrough.jpg */ = {isa = PBXFileReference; lastKnownFileType = image.jpeg; path = calebkimbrough.jpg; sourceTree = "<group>"; };
		DC9711F414F955B50039443C /* daily.png */ = {isa = PBXFileReference; lastKnownFileType = image.png; path = daily.png; sourceTree = "<group>"; };
		DC9711F514F955B50039443C /* daily@2x~iphone.png */ = {isa = PBXFileReference; lastKnownFileType = image.png; path = "daily@2x~iphone.png"; sourceTree = "<group>"; };
		DC9711F614F955B50039443C /* encounter.png */ = {isa = PBXFileReference; lastKnownFileType = image.png; path = encounter.png; sourceTree = "<group>"; };
		DC9711F714F955B50039443C /* encounter@2x~iphone.png */ = {isa = PBXFileReference; lastKnownFileType = image.png; path = "encounter@2x~iphone.png"; sourceTree = "<group>"; };
		DC9711F814F955B50039443C /* weapon.png */ = {isa = PBXFileReference; lastKnownFileType = image.png; path = weapon.png; sourceTree = "<group>"; };
		DC9711F914F955B50039443C /* weapon@2x~iphone.png */ = {isa = PBXFileReference; lastKnownFileType = image.png; path = "weapon@2x~iphone.png"; sourceTree = "<group>"; };
		DC97120914F9585A0039443C /* back.png */ = {isa = PBXFileReference; lastKnownFileType = image.png; path = back.png; sourceTree = "<group>"; };
		DC97120A14F9585A0039443C /* back@2x~iphone.png */ = {isa = PBXFileReference; lastKnownFileType = image.png; path = "back@2x~iphone.png"; sourceTree = "<group>"; };
		DC97121314F9654B0039443C /* FileViewController.h */ = {isa = PBXFileReference; fileEncoding = 4; lastKnownFileType = sourcecode.c.h; name = FileViewController.h; path = Storyboard/FileViewController.h; sourceTree = "<group>"; };
		DC97121414F9654B0039443C /* FileViewController.m */ = {isa = PBXFileReference; fileEncoding = 4; lastKnownFileType = sourcecode.c.objc; name = FileViewController.m; path = Storyboard/FileViewController.m; sourceTree = "<group>"; };
		DC97121614F9655E0039443C /* PageViewController.h */ = {isa = PBXFileReference; fileEncoding = 4; lastKnownFileType = sourcecode.c.h; name = PageViewController.h; path = Storyboard/PageViewController.h; sourceTree = "<group>"; };
		DC97121714F9655E0039443C /* PageViewController.m */ = {isa = PBXFileReference; fileEncoding = 4; lastKnownFileType = sourcecode.c.objc; name = PageViewController.m; path = Storyboard/PageViewController.m; sourceTree = "<group>"; };
		DC97121914F96B240039443C /* FileCell.h */ = {isa = PBXFileReference; fileEncoding = 4; lastKnownFileType = sourcecode.c.h; name = FileCell.h; path = Storyboard/FileCell.h; sourceTree = "<group>"; };
		DC97121A14F96B240039443C /* FileCell.m */ = {isa = PBXFileReference; fileEncoding = 4; lastKnownFileType = sourcecode.c.objc; name = FileCell.m; path = Storyboard/FileCell.m; sourceTree = "<group>"; };
		DC97121C14F9748D0039443C /* CharViewController.h */ = {isa = PBXFileReference; fileEncoding = 4; lastKnownFileType = sourcecode.c.h; name = CharViewController.h; path = Storyboard/CharViewController.h; sourceTree = "<group>"; };
		DC97121D14F9748D0039443C /* CharViewController.m */ = {isa = PBXFileReference; fileEncoding = 4; lastKnownFileType = sourcecode.c.objc; name = CharViewController.m; path = Storyboard/CharViewController.m; sourceTree = "<group>"; };
		DC97121F14F97F210039443C /* ScoresViewController.h */ = {isa = PBXFileReference; fileEncoding = 4; lastKnownFileType = sourcecode.c.h; name = ScoresViewController.h; path = Storyboard/ScoresViewController.h; sourceTree = "<group>"; };
		DC97122014F97F210039443C /* ScoresViewController.m */ = {isa = PBXFileReference; fileEncoding = 4; lastKnownFileType = sourcecode.c.objc; name = ScoresViewController.m; path = Storyboard/ScoresViewController.m; sourceTree = "<group>"; };
		DC97122214F985DC0039443C /* DetailViewController.h */ = {isa = PBXFileReference; fileEncoding = 4; lastKnownFileType = sourcecode.c.h; name = DetailViewController.h; path = Storyboard/DetailViewController.h; sourceTree = "<group>"; };
		DC97122314F985DC0039443C /* DetailViewController.m */ = {isa = PBXFileReference; fileEncoding = 4; lastKnownFileType = sourcecode.c.objc; name = DetailViewController.m; path = Storyboard/DetailViewController.m; sourceTree = "<group>"; };
		DC97122814F99D830039443C /* PowerCell.h */ = {isa = PBXFileReference; fileEncoding = 4; lastKnownFileType = sourcecode.c.h; name = PowerCell.h; path = Storyboard/PowerCell.h; sourceTree = "<group>"; };
		DC97122914F99D830039443C /* PowerCell.m */ = {isa = PBXFileReference; fileEncoding = 4; lastKnownFileType = sourcecode.c.objc; name = PowerCell.m; path = Storyboard/PowerCell.m; sourceTree = "<group>"; };
		DC97122B14F99DA90039443C /* PowerListViewController.h */ = {isa = PBXFileReference; fileEncoding = 4; lastKnownFileType = sourcecode.c.h; name = PowerListViewController.h; path = Storyboard/PowerListViewController.h; sourceTree = "<group>"; };
		DC97122C14F99DAA0039443C /* PowerListViewController.m */ = {isa = PBXFileReference; fileEncoding = 4; lastKnownFileType = sourcecode.c.objc; name = PowerListViewController.m; path = Storyboard/PowerListViewController.m; sourceTree = "<group>"; };
		DC97122E14F9A7290039443C /* PowerDetailViewController.h */ = {isa = PBXFileReference; fileEncoding = 4; lastKnownFileType = sourcecode.c.h; name = PowerDetailViewController.h; path = Storyboard/PowerDetailViewController.h; sourceTree = "<group>"; };
		DC97122F14F9A7290039443C /* PowerDetailViewController.m */ = {isa = PBXFileReference; fileEncoding = 4; lastKnownFileType = sourcecode.c.objc; name = PowerDetailViewController.m; path = Storyboard/PowerDetailViewController.m; sourceTree = "<group>"; };
		DC97123114F9BBE30039443C /* PageDetailViewController.h */ = {isa = PBXFileReference; fileEncoding = 4; lastKnownFileType = sourcecode.c.h; name = PageDetailViewController.h; path = Storyboard/PageDetailViewController.h; sourceTree = "<group>"; };
		DC97123214F9BBE40039443C /* PageDetailViewController.m */ = {isa = PBXFileReference; fileEncoding = 4; lastKnownFileType = sourcecode.c.objc; name = PageDetailViewController.m; path = Storyboard/PageDetailViewController.m; sourceTree = "<group>"; };
		DC97123414F9C1630039443C /* ListViewController.h */ = {isa = PBXFileReference; fileEncoding = 4; lastKnownFileType = sourcecode.c.h; path = ListViewController.h; sourceTree = "<group>"; };
		DC97123514F9C1640039443C /* ListViewController.m */ = {isa = PBXFileReference; fileEncoding = 4; lastKnownFileType = sourcecode.c.objc; path = ListViewController.m; sourceTree = "<group>"; };
		DC97123714F9D4BC0039443C /* SkillCells.h */ = {isa = PBXFileReference; fileEncoding = 4; lastKnownFileType = sourcecode.c.h; name = SkillCells.h; path = Storyboard/SkillCells.h; sourceTree = "<group>"; };
		DC97123814F9D4BC0039443C /* SkillCells.m */ = {isa = PBXFileReference; fileEncoding = 4; lastKnownFileType = sourcecode.c.objc; name = SkillCells.m; path = Storyboard/SkillCells.m; sourceTree = "<group>"; };
		DC97123A14F9D9B20039443C /* Default.png */ = {isa = PBXFileReference; lastKnownFileType = image.png; name = Default.png; path = ../Default.png; sourceTree = "<group>"; };
		DC97123C14F9D9B60039443C /* Default@2x.png */ = {isa = PBXFileReference; lastKnownFileType = image.png; name = "Default@2x.png"; path = "../Default@2x.png"; sourceTree = "<group>"; };
		DC97123E14F9DB9D0039443C /* Icon@2x.png */ = {isa = PBXFileReference; lastKnownFileType = image.png; name = "Icon@2x.png"; path = "../Icon@2x.png"; sourceTree = "<group>"; };
		DC97124014F9DBA40039443C /* Icon-72.png */ = {isa = PBXFileReference; lastKnownFileType = image.png; name = "Icon-72.png"; path = "../Icon-72.png"; sourceTree = "<group>"; };
		DC97124214F9DBD00039443C /* Doc~ipad.png */ = {isa = PBXFileReference; lastKnownFileType = image.png; name = "Doc~ipad.png"; path = "../Doc~ipad.png"; sourceTree = "<group>"; };
		DC97124314F9DBD20039443C /* Doc.png */ = {isa = PBXFileReference; lastKnownFileType = image.png; name = Doc.png; path = ../Doc.png; sourceTree = "<group>"; };
		DC97124414F9DBD30039443C /* Doc@2x.png */ = {isa = PBXFileReference; lastKnownFileType = image.png; name = "Doc@2x.png"; path = "../Doc@2x.png"; sourceTree = "<group>"; };
		DC9AB7AC14F6701F00B3B0F3 /* help.html */ = {isa = PBXFileReference; fileEncoding = 4; lastKnownFileType = text.html; path = help.html; sourceTree = "<group>"; };
		DC9AB7AE14F6722900B3B0F3 /* dropbox.png */ = {isa = PBXFileReference; lastKnownFileType = image.png; path = dropbox.png; sourceTree = "<group>"; };
		DC9AB7AF14F6722900B3B0F3 /* mail.png */ = {isa = PBXFileReference; lastKnownFileType = image.png; path = mail.png; sourceTree = "<group>"; };
		DC9AB7B914F6795D00B3B0F3 /* HelpViewController.h */ = {isa = PBXFileReference; fileEncoding = 4; lastKnownFileType = sourcecode.c.h; path = HelpViewController.h; sourceTree = "<group>"; };
		DC9AB7BA14F6795D00B3B0F3 /* HelpViewController.m */ = {isa = PBXFileReference; fileEncoding = 4; lastKnownFileType = sourcecode.c.objc; path = HelpViewController.m; sourceTree = "<group>"; };
		DC9AB7BB14F6795D00B3B0F3 /* HelpViewController.xib */ = {isa = PBXFileReference; fileEncoding = 4; lastKnownFileType = file.xib; path = HelpViewController.xib; sourceTree = "<group>"; };
		DC9AB7DB14F6C37200B3B0F3 /* area.png */ = {isa = PBXFileReference; lastKnownFileType = image.png; path = area.png; sourceTree = "<group>"; };
		DC9AB7DC14F6C37200B3B0F3 /* area@2x~iphone.png */ = {isa = PBXFileReference; lastKnownFileType = image.png; path = "area@2x~iphone.png"; sourceTree = "<group>"; };
		DC9AB7DD14F6C37200B3B0F3 /* atwillrow.png */ = {isa = PBXFileReference; lastKnownFileType = image.png; path = atwillrow.png; sourceTree = "<group>"; };
		DC9AB7DE14F6C37200B3B0F3 /* atwillrow@2x~iphone.png */ = {isa = PBXFileReference; lastKnownFileType = image.png; path = "atwillrow@2x~iphone.png"; sourceTree = "<group>"; };
		DC9AB7DF14F6C37200B3B0F3 /* close.png */ = {isa = PBXFileReference; lastKnownFileType = image.png; path = close.png; sourceTree = "<group>"; };
		DC9AB7E014F6C37200B3B0F3 /* close@2x~iphone.png */ = {isa = PBXFileReference; lastKnownFileType = image.png; path = "close@2x~iphone.png"; sourceTree = "<group>"; };
		DC9AB7E114F6C37200B3B0F3 /* dailyrow.png */ = {isa = PBXFileReference; lastKnownFileType = image.png; path = dailyrow.png; sourceTree = "<group>"; };
		DC9AB7E214F6C37200B3B0F3 /* dailyrow@2x~iphone.png */ = {isa = PBXFileReference; lastKnownFileType = image.png; path = "dailyrow@2x~iphone.png"; sourceTree = "<group>"; };
		DC9AB7E314F6C37200B3B0F3 /* encounterrow.png */ = {isa = PBXFileReference; lastKnownFileType = image.png; path = encounterrow.png; sourceTree = "<group>"; };
		DC9AB7E414F6C37200B3B0F3 /* encounterrow@2x~iphone.png */ = {isa = PBXFileReference; lastKnownFileType = image.png; path = "encounterrow@2x~iphone.png"; sourceTree = "<group>"; };
		DC9AB7E514F6C37200B3B0F3 /* melee.png */ = {isa = PBXFileReference; lastKnownFileType = image.png; path = melee.png; sourceTree = "<group>"; };
		DC9AB7E614F6C37200B3B0F3 /* melee@2x~iphone.png */ = {isa = PBXFileReference; lastKnownFileType = image.png; path = "melee@2x~iphone.png"; sourceTree = "<group>"; };
		DC9AB7E714F6C37200B3B0F3 /* meleeranged.png */ = {isa = PBXFileReference; lastKnownFileType = image.png; path = meleeranged.png; sourceTree = "<group>"; };
		DC9AB7E814F6C37200B3B0F3 /* meleeranged@2x~iphone.png */ = {isa = PBXFileReference; lastKnownFileType = image.png; path = "meleeranged@2x~iphone.png"; sourceTree = "<group>"; };
		DC9AB7E914F6C37200B3B0F3 /* ranged.png */ = {isa = PBXFileReference; lastKnownFileType = image.png; path = ranged.png; sourceTree = "<group>"; };
		DC9AB7EA14F6C37200B3B0F3 /* ranged@2x~iphone.png */ = {isa = PBXFileReference; lastKnownFileType = image.png; path = "ranged@2x~iphone.png"; sourceTree = "<group>"; };
		DCA8021814F0A2A500620379 /* Window_iphone.xib */ = {isa = PBXFileReference; fileEncoding = 4; lastKnownFileType = file.xib; name = Window_iphone.xib; path = ../Window_iphone.xib; sourceTree = "<group>"; };
		DCA8021A14F0A2B700620379 /* Window_ipad.xib */ = {isa = PBXFileReference; fileEncoding = 4; lastKnownFileType = file.xib; name = Window_ipad.xib; path = ../Window_ipad.xib; sourceTree = "<group>"; };
		DCA8022D14F0A96E00620379 /* BlockActions.m */ = {isa = PBXFileReference; fileEncoding = 4; lastKnownFileType = sourcecode.c.objc; path = BlockActions.m; sourceTree = "<group>"; };
		DCA8023014F0A96E00620379 /* Utility.m */ = {isa = PBXFileReference; fileEncoding = 4; lastKnownFileType = sourcecode.c.objc; path = Utility.m; sourceTree = "<group>"; };
		DCA8023114F0A96E00620379 /* Utility.h */ = {isa = PBXFileReference; fileEncoding = 4; lastKnownFileType = sourcecode.c.h; path = Utility.h; sourceTree = "<group>"; };
		DCA8023314F0A96E00620379 /* MBProgressHUD.m */ = {isa = PBXFileReference; fileEncoding = 4; lastKnownFileType = sourcecode.c.objc; path = MBProgressHUD.m; sourceTree = "<group>"; };
		DCA8023414F0A96E00620379 /* MBProgressHUD.h */ = {isa = PBXFileReference; fileEncoding = 4; lastKnownFileType = sourcecode.c.h; path = MBProgressHUD.h; sourceTree = "<group>"; };
		DCA8023514F0A96E00620379 /* UIWebView_Misc.m */ = {isa = PBXFileReference; fileEncoding = 4; lastKnownFileType = sourcecode.c.objc; path = UIWebView_Misc.m; sourceTree = "<group>"; };
		DCA8023814F0A96E00620379 /* BlockActions.h */ = {isa = PBXFileReference; fileEncoding = 4; lastKnownFileType = sourcecode.c.h; path = BlockActions.h; sourceTree = "<group>"; };
		DCA8023914F0A96E00620379 /* UIWebView_Misc.h */ = {isa = PBXFileReference; fileEncoding = 4; lastKnownFileType = sourcecode.c.h; path = UIWebView_Misc.h; sourceTree = "<group>"; };
		DCA8023A14F0A96E00620379 /* SynthesizeSingleton.h */ = {isa = PBXFileReference; fileEncoding = 4; lastKnownFileType = sourcecode.c.h; path = SynthesizeSingleton.h; sourceTree = "<group>"; };
		DCA8024214F0A9AA00620379 /* Data.h */ = {isa = PBXFileReference; fileEncoding = 4; lastKnownFileType = sourcecode.c.h; name = Data.h; path = DataModel/Data.h; sourceTree = "<group>"; };
		DCA8024314F0A9AA00620379 /* Data.m */ = {isa = PBXFileReference; fileEncoding = 4; lastKnownFileType = sourcecode.c.objc; name = Data.m; path = DataModel/Data.m; sourceTree = "<group>"; };
		DCA8024514F1328800620379 /* ContentViewController.h */ = {isa = PBXFileReference; fileEncoding = 4; lastKnownFileType = sourcecode.c.h; path = ContentViewController.h; sourceTree = "<group>"; };
		DCA8024614F1328800620379 /* ContentViewController.m */ = {isa = PBXFileReference; fileEncoding = 4; lastKnownFileType = sourcecode.c.objc; path = ContentViewController.m; sourceTree = "<group>"; };
		DCA8024714F1328800620379 /* ContentViewController.xib */ = {isa = PBXFileReference; fileEncoding = 4; lastKnownFileType = file.xib; path = ContentViewController.xib; sourceTree = "<group>"; };
		DCA8024A14F1335000620379 /* Power.h */ = {isa = PBXFileReference; fileEncoding = 4; lastKnownFileType = sourcecode.c.h; name = Power.h; path = DataModel/Power.h; sourceTree = "<group>"; };
		DCA8024B14F1335000620379 /* Power.m */ = {isa = PBXFileReference; fileEncoding = 4; lastKnownFileType = sourcecode.c.objc; name = Power.m; path = DataModel/Power.m; sourceTree = "<group>"; };
		DCA8024D14F1335100620379 /* RulesElement.h */ = {isa = PBXFileReference; fileEncoding = 4; lastKnownFileType = sourcecode.c.h; name = RulesElement.h; path = DataModel/RulesElement.h; sourceTree = "<group>"; };
		DCA8024E14F1335100620379 /* RulesElement.m */ = {isa = PBXFileReference; fileEncoding = 4; lastKnownFileType = sourcecode.c.objc; name = RulesElement.m; path = DataModel/RulesElement.m; sourceTree = "<group>"; };
		DCDCC1DB14F2F68E004BE096 /* Icon.png */ = {isa = PBXFileReference; lastKnownFileType = image.png; name = Icon.png; path = ../Icon.png; sourceTree = "<group>"; };
		DCDCC1DD14F3145D004BE096 /* Dwrf_Axe.dnd4e */ = {isa = PBXFileReference; fileEncoding = 4; lastKnownFileType = text; path = Dwrf_Axe.dnd4e; sourceTree = "<group>"; };
		DCDCC1DF14F31468004BE096 /* Frakk30.dnd4e */ = {isa = PBXFileReference; fileEncoding = 4; lastKnownFileType = text; path = Frakk30.dnd4e; sourceTree = "<group>"; };
		DCDCC1E114F31984004BE096 /* ShadarKai_Wizard6.dnd4e */ = {isa = PBXFileReference; fileEncoding = 4; lastKnownFileType = text; path = ShadarKai_Wizard6.dnd4e; sourceTree = "<group>"; };
		DCDCC1E314F3199E004BE096 /* Fighter_Assassin_21.dnd4e */ = {isa = PBXFileReference; fileEncoding = 4; lastKnownFileType = text; path = Fighter_Assassin_21.dnd4e; sourceTree = "<group>"; };
		DCDCC1E514F327B6004BE096 /* dnd_4e_icons_v3.ttf */ = {isa = PBXFileReference; lastKnownFileType = file; path = dnd_4e_icons_v3.ttf; sourceTree = "<group>"; };
		DCDCC1E714F32DFC004BE096 /* Loot.h */ = {isa = PBXFileReference; fileEncoding = 4; lastKnownFileType = sourcecode.c.h; name = Loot.h; path = DataModel/Loot.h; sourceTree = "<group>"; };
		DCDCC1E814F32DFC004BE096 /* Loot.m */ = {isa = PBXFileReference; fileEncoding = 4; lastKnownFileType = sourcecode.c.objc; name = Loot.m; path = DataModel/Loot.m; sourceTree = "<group>"; };
		DCDCC1EA14F338D1004BE096 /* DNDHTML.h */ = {isa = PBXFileReference; fileEncoding = 4; lastKnownFileType = sourcecode.c.h; name = DNDHTML.h; path = DataModel/DNDHTML.h; sourceTree = "<group>"; };
		DCDCC1EE14F34567004BE096 /* Character.h */ = {isa = PBXFileReference; fileEncoding = 4; lastKnownFileType = sourcecode.c.h; name = Character.h; path = DataModel/Character.h; sourceTree = "<group>"; };
		DCDCC1EF14F34567004BE096 /* Character.m */ = {isa = PBXFileReference; fileEncoding = 4; lastKnownFileType = sourcecode.c.objc; name = Character.m; path = DataModel/Character.m; sourceTree = "<group>"; };
		DCDCC1F114F34C46004BE096 /* CharacterViewController.h */ = {isa = PBXFileReference; fileEncoding = 4; lastKnownFileType = sourcecode.c.h; path = CharacterViewController.h; sourceTree = "<group>"; };
		DCDCC1F214F34C46004BE096 /* CharacterViewController.m */ = {isa = PBXFileReference; fileEncoding = 4; lastKnownFileType = sourcecode.c.objc; path = CharacterViewController.m; sourceTree = "<group>"; };
		DCDCC1F314F34C47004BE096 /* CharacterViewController.xib */ = {isa = PBXFileReference; fileEncoding = 4; lastKnownFileType = file.xib; path = CharacterViewController.xib; sourceTree = "<group>"; };
		DCDCC1F614F34DE6004BE096 /* MainViewController.h */ = {isa = PBXFileReference; fileEncoding = 4; lastKnownFileType = sourcecode.c.h; path = MainViewController.h; sourceTree = "<group>"; };
		DCDCC1F714F34DE7004BE096 /* MainViewController.m */ = {isa = PBXFileReference; fileEncoding = 4; lastKnownFileType = sourcecode.c.objc; path = MainViewController.m; sourceTree = "<group>"; };
		DCDCC1F814F34DE7004BE096 /* MainViewController.xib */ = {isa = PBXFileReference; fileEncoding = 4; lastKnownFileType = file.xib; path = MainViewController.xib; sourceTree = "<group>"; };
		DCDCC1FB14F3DF25004BE096 /* AbilityScores.h */ = {isa = PBXFileReference; fileEncoding = 4; lastKnownFileType = sourcecode.c.h; name = AbilityScores.h; path = DataModel/AbilityScores.h; sourceTree = "<group>"; };
		DCDCC1FC14F3DF25004BE096 /* AbilityScores.m */ = {isa = PBXFileReference; fileEncoding = 4; lastKnownFileType = sourcecode.c.objc; name = AbilityScores.m; path = DataModel/AbilityScores.m; sourceTree = "<group>"; };
		DCDCC1FE14F41F3D004BE096 /* Skill.h */ = {isa = PBXFileReference; fileEncoding = 4; lastKnownFileType = sourcecode.c.h; name = Skill.h; path = DataModel/Skill.h; sourceTree = "<group>"; };
		DCDCC1FF14F41F3E004BE096 /* Skill.m */ = {isa = PBXFileReference; fileEncoding = 4; lastKnownFileType = sourcecode.c.objc; name = Skill.m; path = DataModel/Skill.m; sourceTree = "<group>"; };
		DCDCC23114F44CA6004BE096 /* Stat.h */ = {isa = PBXFileReference; fileEncoding = 4; lastKnownFileType = sourcecode.c.h; name = Stat.h; path = DataModel/Stat.h; sourceTree = "<group>"; };
		DCDCC23214F44CA6004BE096 /* Stat.m */ = {isa = PBXFileReference; fileEncoding = 4; lastKnownFileType = sourcecode.c.objc; name = Stat.m; path = DataModel/Stat.m; sourceTree = "<group>"; };
		DCF7344B14F1CDE2007DC3F5 /* kaeltor12.dnd4e */ = {isa = PBXFileReference; fileEncoding = 4; lastKnownFileType = text; path = kaeltor12.dnd4e; sourceTree = "<group>"; };
/* End PBXFileReference section */

/* Begin PBXFrameworksBuildPhase section */
		DC693BE714EED86B00E68BF8 /* Frameworks */ = {
			isa = PBXFrameworksBuildPhase;
			buildActionMask = 2147483647;
			files = (
				DC693C2014EED8C700E68BF8 /* libxml2.dylib in Frameworks */,
				DC693BEF14EED86B00E68BF8 /* UIKit.framework in Frameworks */,
				DC693BF114EED86B00E68BF8 /* Foundation.framework in Frameworks */,
				DC693BF314EED86B00E68BF8 /* CoreGraphics.framework in Frameworks */,
				DC693BF514EED86B00E68BF8 /* CoreData.framework in Frameworks */,
			);
			runOnlyForDeploymentPostprocessing = 0;
		};
/* End PBXFrameworksBuildPhase section */

/* Begin PBXGroup section */
		DC5754FA14FB27A400410FA2 /* Segues */ = {
			isa = PBXGroup;
			children = (
				DC5754F114FB279E00410FA2 /* ModalStaticSegue.h */,
				DC5754F214FB279E00410FA2 /* ModalStaticSegue.m */,
				DC5754F314FB279E00410FA2 /* SlideLeftSegue.h */,
				DC5754F414FB279F00410FA2 /* SlideLeftSegue.m */,
				DC5754F514FB279F00410FA2 /* SlideRightSegue.h */,
				DC5754F614FB279F00410FA2 /* SlideRightSegue.m */,
			);
			name = Segues;
			sourceTree = "<group>";
		};
		DC693BDF14EED86B00E68BF8 = {
			isa = PBXGroup;
			children = (
				DC693BF614EED86B00E68BF8 /* DND4e */,
				DC693BED14EED86B00E68BF8 /* Frameworks */,
				DC693BEB14EED86B00E68BF8 /* Products */,
			);
			sourceTree = "<group>";
		};
		DC693BEB14EED86B00E68BF8 /* Products */ = {
			isa = PBXGroup;
			children = (
				DC693BEA14EED86B00E68BF8 /* DND4e.app */,
			);
			name = Products;
			sourceTree = "<group>";
		};
		DC693BED14EED86B00E68BF8 /* Frameworks */ = {
			isa = PBXGroup;
			children = (
				DC693C1F14EED8C700E68BF8 /* libxml2.dylib */,
				DC693BEE14EED86B00E68BF8 /* UIKit.framework */,
				DC693BF014EED86B00E68BF8 /* Foundation.framework */,
				DC693BF214EED86B00E68BF8 /* CoreGraphics.framework */,
				DC693BF414EED86B00E68BF8 /* CoreData.framework */,
			);
			name = Frameworks;
			sourceTree = "<group>";
		};
		DC693BF614EED86B00E68BF8 /* DND4e */ = {
			isa = PBXGroup;
			children = (
				DC9711EB14F955B50039443C /* newimages */,
				DC9AB7DA14F6C37200B3B0F3 /* images */,
				DC9AB7B314F6724400B3B0F3 /* Sample Files */,
				DC9AB7B214F6722E00B3B0F3 /* Help */,
				DC693BF714EED86B00E68BF8 /* Supporting Files */,
				DCA8022B14F0A95E00620379 /* Utilities */,
				DCA8021C14F0A8CC00620379 /* Data Model */,
				DC693BFF14EED86C00E68BF8 /* DNDAppDelegate.h */,
				DC693C0014EED86C00E68BF8 /* DNDAppDelegate.m */,
				DC9711E814F954C60039443C /* MainStoryboard~iphone.storyboard */,
				DC97121114F964070039443C /* Storyboard ViewControllers */,
				DC97121214F9641C0039443C /* Nib ViewControllers */,
			);
			path = DND4e;
			sourceTree = "<group>";
		};
		DC693BF714EED86B00E68BF8 /* Supporting Files */ = {
			isa = PBXGroup;
			children = (
				DC97124214F9DBD00039443C /* Doc~ipad.png */,
				DC97124314F9DBD20039443C /* Doc.png */,
				DC97124414F9DBD30039443C /* Doc@2x.png */,
				DC97124014F9DBA40039443C /* Icon-72.png */,
				DC97123E14F9DB9D0039443C /* Icon@2x.png */,
				DC97123C14F9D9B60039443C /* Default@2x.png */,
				DC97123A14F9D9B20039443C /* Default.png */,
				DCDCC1E514F327B6004BE096 /* dnd_4e_icons_v3.ttf */,
				DCDCC1DB14F2F68E004BE096 /* Icon.png */,
				DCA8021A14F0A2B700620379 /* Window_ipad.xib */,
				DCA8021814F0A2A500620379 /* Window_iphone.xib */,
				DC693BF814EED86B00E68BF8 /* DND4e-Info.plist */,
				DC693BF914EED86B00E68BF8 /* InfoPlist.strings */,
				DC693BFC14EED86B00E68BF8 /* main.m */,
				DC693BFE14EED86B00E68BF8 /* DND4e-Prefix.pch */,
			);
			name = "Supporting Files";
			sourceTree = "<group>";
		};
		DC693C1A14EED89300E68BF8 /* XMLSupport */ = {
			isa = PBXGroup;
			children = (
				DC693C1B14EED89300E68BF8 /* GDataXMLNode.h */,
				DC693C1C14EED89300E68BF8 /* GDataXMLNode.m */,
				DC693C2314EEDCB500E68BF8 /* XMLReader.h */,
				DC693C2414EEDCB500E68BF8 /* XMLReader.m */,
			);
			path = XMLSupport;
			sourceTree = "<group>";
		};
		DC9711EB14F955B50039443C /* newimages */ = {
			isa = PBXGroup;
			children = (
				DC5754FB14FB30D500410FA2 /* sorting.png */,
				DC5754FC14FB30D500410FA2 /* sorting@2x~iphone.png */,
				DC97120914F9585A0039443C /* back.png */,
				DC97120A14F9585A0039443C /* back@2x~iphone.png */,
				DC9711EC14F955B50039443C /* arrow.png */,
				DC9711ED14F955B50039443C /* arrow@2x~iphone.png */,
				DC9711EE14F955B50039443C /* atwill.png */,
				DC9711EF14F955B50039443C /* atwill@2x~iphone.png */,
				DC9711F014F955B50039443C /* bg@2x~iphone.png */,
				DC9711F114F955B50039443C /* bg~ipad.png */,
				DC9711F214F955B50039443C /* bg~iphone.png */,
				DC9711F314F955B50039443C /* calebkimbrough.jpg */,
				DC9711F414F955B50039443C /* daily.png */,
				DC9711F514F955B50039443C /* daily@2x~iphone.png */,
				DC9711F614F955B50039443C /* encounter.png */,
				DC9711F714F955B50039443C /* encounter@2x~iphone.png */,
				DC9711F814F955B50039443C /* weapon.png */,
				DC9711F914F955B50039443C /* weapon@2x~iphone.png */,
			);
			path = newimages;
			sourceTree = "<group>";
		};
		DC97120814F9577F0039443C /* Cells */ = {
			isa = PBXGroup;
			children = (
				DC97121914F96B240039443C /* FileCell.h */,
				DC97121A14F96B240039443C /* FileCell.m */,
				DC97122814F99D830039443C /* PowerCell.h */,
				DC97122914F99D830039443C /* PowerCell.m */,
				DC97123714F9D4BC0039443C /* SkillCells.h */,
				DC97123814F9D4BC0039443C /* SkillCells.m */,
			);
			name = Cells;
			sourceTree = "<group>";
		};
		DC97121114F964070039443C /* Storyboard ViewControllers */ = {
			isa = PBXGroup;
			children = (
				DC97120814F9577F0039443C /* Cells */,
				DC5754FA14FB27A400410FA2 /* Segues */,
				DC97121314F9654B0039443C /* FileViewController.h */,
				DC97121414F9654B0039443C /* FileViewController.m */,
				DC97121614F9655E0039443C /* PageViewController.h */,
				DC97121714F9655E0039443C /* PageViewController.m */,
				DC97123414F9C1630039443C /* ListViewController.h */,
				DC97123514F9C1640039443C /* ListViewController.m */,
				DC97123114F9BBE30039443C /* PageDetailViewController.h */,
				DC97123214F9BBE40039443C /* PageDetailViewController.m */,
				DC97121C14F9748D0039443C /* CharViewController.h */,
				DC97121D14F9748D0039443C /* CharViewController.m */,
				DC97121F14F97F210039443C /* ScoresViewController.h */,
				DC97122014F97F210039443C /* ScoresViewController.m */,
				DC97122214F985DC0039443C /* DetailViewController.h */,
				DC97122314F985DC0039443C /* DetailViewController.m */,
				DC97122B14F99DA90039443C /* PowerListViewController.h */,
				DC97122C14F99DAA0039443C /* PowerListViewController.m */,
				DC97122E14F9A7290039443C /* PowerDetailViewController.h */,
				DC97122F14F9A7290039443C /* PowerDetailViewController.m */,
			);
			name = "Storyboard ViewControllers";
			sourceTree = "<group>";
		};
		DC97121214F9641C0039443C /* Nib ViewControllers */ = {
			isa = PBXGroup;
			children = (
				DCA8024514F1328800620379 /* ContentViewController.h */,
				DCA8024614F1328800620379 /* ContentViewController.m */,
				DCA8024714F1328800620379 /* ContentViewController.xib */,
				DCDCC1F114F34C46004BE096 /* CharacterViewController.h */,
				DCDCC1F214F34C46004BE096 /* CharacterViewController.m */,
				DCDCC1F314F34C47004BE096 /* CharacterViewController.xib */,
				DCDCC1F614F34DE6004BE096 /* MainViewController.h */,
				DCDCC1F714F34DE7004BE096 /* MainViewController.m */,
				DCDCC1F814F34DE7004BE096 /* MainViewController.xib */,
				DC693C3514F0069200E68BF8 /* DictionaryExplorerViewController.h */,
				DC693C3614F0069200E68BF8 /* DictionaryExplorerViewController.m */,
				DC693C3714F0069200E68BF8 /* DictionaryExplorerViewController.xib */,
			);
			name = "Nib ViewControllers";
			sourceTree = "<group>";
		};
		DC9AB7B214F6722E00B3B0F3 /* Help */ = {
			isa = PBXGroup;
			children = (
				DC9AB7AC14F6701F00B3B0F3 /* help.html */,
				DC9AB7AE14F6722900B3B0F3 /* dropbox.png */,
				DC9AB7AF14F6722900B3B0F3 /* mail.png */,
				DC9AB7B914F6795D00B3B0F3 /* HelpViewController.h */,
				DC9AB7BA14F6795D00B3B0F3 /* HelpViewController.m */,
				DC9AB7BB14F6795D00B3B0F3 /* HelpViewController.xib */,
			);
			name = Help;
			sourceTree = "<group>";
		};
		DC9AB7B314F6724400B3B0F3 /* Sample Files */ = {
			isa = PBXGroup;
			children = (
				DC693C2114EED9E700E68BF8 /* Hunter_1.dnd4e */,
				DCDCC1DD14F3145D004BE096 /* Dwrf_Axe.dnd4e */,
				DCDCC1DF14F31468004BE096 /* Frakk30.dnd4e */,
				DCF7344B14F1CDE2007DC3F5 /* kaeltor12.dnd4e */,
				DCDCC1E114F31984004BE096 /* ShadarKai_Wizard6.dnd4e */,
				DCDCC1E314F3199E004BE096 /* Fighter_Assassin_21.dnd4e */,
			);
			name = "Sample Files";
			sourceTree = "<group>";
		};
		DC9AB7DA14F6C37200B3B0F3 /* images */ = {
			isa = PBXGroup;
			children = (
				DC9AB7DB14F6C37200B3B0F3 /* area.png */,
				DC9AB7DC14F6C37200B3B0F3 /* area@2x~iphone.png */,
				DC9AB7DD14F6C37200B3B0F3 /* atwillrow.png */,
				DC9AB7DE14F6C37200B3B0F3 /* atwillrow@2x~iphone.png */,
				DC9AB7DF14F6C37200B3B0F3 /* close.png */,
				DC9AB7E014F6C37200B3B0F3 /* close@2x~iphone.png */,
				DC9AB7E114F6C37200B3B0F3 /* dailyrow.png */,
				DC9AB7E214F6C37200B3B0F3 /* dailyrow@2x~iphone.png */,
				DC9AB7E314F6C37200B3B0F3 /* encounterrow.png */,
				DC9AB7E414F6C37200B3B0F3 /* encounterrow@2x~iphone.png */,
				DC9AB7E514F6C37200B3B0F3 /* melee.png */,
				DC9AB7E614F6C37200B3B0F3 /* melee@2x~iphone.png */,
				DC9AB7E714F6C37200B3B0F3 /* meleeranged.png */,
				DC9AB7E814F6C37200B3B0F3 /* meleeranged@2x~iphone.png */,
				DC9AB7E914F6C37200B3B0F3 /* ranged.png */,
				DC9AB7EA14F6C37200B3B0F3 /* ranged@2x~iphone.png */,
			);
			path = images;
			sourceTree = "<group>";
		};
		DCA8021C14F0A8CC00620379 /* Data Model */ = {
			isa = PBXGroup;
			children = (
				DCA8024214F0A9AA00620379 /* Data.h */,
				DCA8024314F0A9AA00620379 /* Data.m */,
				DCA8024D14F1335100620379 /* RulesElement.h */,
				DCA8024E14F1335100620379 /* RulesElement.m */,
				DC52E7E414F1E838002FEEC9 /* Weapon.h */,
				DC52E7E514F1E838002FEEC9 /* Weapon.m */,
				DCA8024A14F1335000620379 /* Power.h */,
				DCA8024B14F1335000620379 /* Power.m */,
				DCDCC1E714F32DFC004BE096 /* Loot.h */,
				DCDCC1E814F32DFC004BE096 /* Loot.m */,
				DCDCC1EA14F338D1004BE096 /* DNDHTML.h */,
				DCDCC1EE14F34567004BE096 /* Character.h */,
				DCDCC1EF14F34567004BE096 /* Character.m */,
				DCDCC1FB14F3DF25004BE096 /* AbilityScores.h */,
				DCDCC1FC14F3DF25004BE096 /* AbilityScores.m */,
				DCDCC1FE14F41F3D004BE096 /* Skill.h */,
				DCDCC1FF14F41F3E004BE096 /* Skill.m */,
				DCDCC23114F44CA6004BE096 /* Stat.h */,
				DCDCC23214F44CA6004BE096 /* Stat.m */,
			);
			name = "Data Model";
			sourceTree = "<group>";
		};
		DCA8022B14F0A95E00620379 /* Utilities */ = {
			isa = PBXGroup;
			children = (
				DC693C1A14EED89300E68BF8 /* XMLSupport */,
				DCA8023814F0A96E00620379 /* BlockActions.h */,
				DCA8022D14F0A96E00620379 /* BlockActions.m */,
				DCA8023114F0A96E00620379 /* Utility.h */,
				DCA8023014F0A96E00620379 /* Utility.m */,
				DCA8023314F0A96E00620379 /* MBProgressHUD.m */,
				DCA8023414F0A96E00620379 /* MBProgressHUD.h */,
				DCA8023914F0A96E00620379 /* UIWebView_Misc.h */,
				DCA8023514F0A96E00620379 /* UIWebView_Misc.m */,
				DCA8023A14F0A96E00620379 /* SynthesizeSingleton.h */,
			);
			name = Utilities;
			sourceTree = "<group>";
		};
/* End PBXGroup section */

/* Begin PBXNativeTarget section */
		DC693BE914EED86B00E68BF8 /* DND4e */ = {
			isa = PBXNativeTarget;
			buildConfigurationList = DC693C1314EED86C00E68BF8 /* Build configuration list for PBXNativeTarget "DND4e" */;
			buildPhases = (
				DC693BE614EED86B00E68BF8 /* Sources */,
				DC693BE714EED86B00E68BF8 /* Frameworks */,
				DC693BE814EED86B00E68BF8 /* Resources */,
			);
			buildRules = (
			);
			dependencies = (
			);
			name = DND4e;
			productName = DND4e;
			productReference = DC693BEA14EED86B00E68BF8 /* DND4e.app */;
			productType = "com.apple.product-type.application";
		};
/* End PBXNativeTarget section */

/* Begin PBXProject section */
		DC693BE114EED86B00E68BF8 /* Project object */ = {
			isa = PBXProject;
			attributes = {
				LastUpgradeCheck = 0420;
				ORGANIZATIONNAME = "Accella, LLC";
			};
			buildConfigurationList = DC693BE414EED86B00E68BF8 /* Build configuration list for PBXProject "DND4e" */;
			compatibilityVersion = "Xcode 3.2";
			developmentRegion = English;
			hasScannedForEncodings = 0;
			knownRegions = (
				en,
			);
			mainGroup = DC693BDF14EED86B00E68BF8;
			productRefGroup = DC693BEB14EED86B00E68BF8 /* Products */;
			projectDirPath = "";
			projectRoot = "";
			targets = (
				DC693BE914EED86B00E68BF8 /* DND4e */,
			);
		};
/* End PBXProject section */

/* Begin PBXResourcesBuildPhase section */
		DC693BE814EED86B00E68BF8 /* Resources */ = {
			isa = PBXResourcesBuildPhase;
			buildActionMask = 2147483647;
			files = (
				DC693BFB14EED86B00E68BF8 /* InfoPlist.strings in Resources */,
				DC693C2214EED9E700E68BF8 /* Hunter_1.dnd4e in Resources */,
				DC693C3914F0069200E68BF8 /* DictionaryExplorerViewController.xib in Resources */,
				DCA8021914F0A2A500620379 /* Window_iphone.xib in Resources */,
				DCA8021B14F0A2B700620379 /* Window_ipad.xib in Resources */,
				DCA8024914F1328900620379 /* ContentViewController.xib in Resources */,
				DCF7344C14F1CDE2007DC3F5 /* kaeltor12.dnd4e in Resources */,
				DCDCC1DC14F2F68E004BE096 /* Icon.png in Resources */,
				DCDCC1DE14F3145D004BE096 /* Dwrf_Axe.dnd4e in Resources */,
				DCDCC1E014F31469004BE096 /* Frakk30.dnd4e in Resources */,
				DCDCC1E214F31984004BE096 /* ShadarKai_Wizard6.dnd4e in Resources */,
				DCDCC1E414F3199F004BE096 /* Fighter_Assassin_21.dnd4e in Resources */,
				DCDCC1E614F327B6004BE096 /* dnd_4e_icons_v3.ttf in Resources */,
				DCDCC1F514F34C47004BE096 /* CharacterViewController.xib in Resources */,
				DCDCC1FA14F34DE8004BE096 /* MainViewController.xib in Resources */,
				DC9AB7AD14F6702000B3B0F3 /* help.html in Resources */,
				DC9AB7B014F6722A00B3B0F3 /* dropbox.png in Resources */,
				DC9AB7B114F6722A00B3B0F3 /* mail.png in Resources */,
				DC9AB7BD14F6795D00B3B0F3 /* HelpViewController.xib in Resources */,
				DC9AB7EB14F6C37200B3B0F3 /* area.png in Resources */,
				DC9AB7EC14F6C37200B3B0F3 /* area@2x~iphone.png in Resources */,
				DC9AB7ED14F6C37200B3B0F3 /* atwillrow.png in Resources */,
				DC9AB7EE14F6C37200B3B0F3 /* atwillrow@2x~iphone.png in Resources */,
				DC9AB7EF14F6C37200B3B0F3 /* close.png in Resources */,
				DC9AB7F014F6C37200B3B0F3 /* close@2x~iphone.png in Resources */,
				DC9AB7F114F6C37200B3B0F3 /* dailyrow.png in Resources */,
				DC9AB7F214F6C37200B3B0F3 /* dailyrow@2x~iphone.png in Resources */,
				DC9AB7F314F6C37200B3B0F3 /* encounterrow.png in Resources */,
				DC9AB7F414F6C37200B3B0F3 /* encounterrow@2x~iphone.png in Resources */,
				DC9AB7F514F6C37200B3B0F3 /* melee.png in Resources */,
				DC9AB7F614F6C37200B3B0F3 /* melee@2x~iphone.png in Resources */,
				DC9AB7F714F6C37200B3B0F3 /* meleeranged.png in Resources */,
				DC9AB7F814F6C37200B3B0F3 /* meleeranged@2x~iphone.png in Resources */,
				DC9AB7F914F6C37200B3B0F3 /* ranged.png in Resources */,
				DC9AB7FA14F6C37200B3B0F3 /* ranged@2x~iphone.png in Resources */,
				DC9711E914F954C60039443C /* MainStoryboard~iphone.storyboard in Resources */,
				DC9711FA14F955B50039443C /* arrow.png in Resources */,
				DC9711FB14F955B50039443C /* arrow@2x~iphone.png in Resources */,
				DC9711FC14F955B50039443C /* atwill.png in Resources */,
				DC9711FD14F955B50039443C /* atwill@2x~iphone.png in Resources */,
				DC9711FE14F955B50039443C /* bg@2x~iphone.png in Resources */,
				DC9711FF14F955B50039443C /* bg~ipad.png in Resources */,
				DC97120014F955B50039443C /* bg~iphone.png in Resources */,
				DC97120114F955B50039443C /* calebkimbrough.jpg in Resources */,
				DC97120214F955B50039443C /* daily.png in Resources */,
				DC97120314F955B50039443C /* daily@2x~iphone.png in Resources */,
				DC97120414F955B50039443C /* encounter.png in Resources */,
				DC97120514F955B50039443C /* encounter@2x~iphone.png in Resources */,
				DC97120614F955B50039443C /* weapon.png in Resources */,
				DC97120714F955B50039443C /* weapon@2x~iphone.png in Resources */,
				DC97120B14F9585A0039443C /* back.png in Resources */,
				DC97120C14F9585A0039443C /* back@2x~iphone.png in Resources */,
				DC97123B14F9D9B30039443C /* Default.png in Resources */,
				DC97123D14F9D9B80039443C /* Default@2x.png in Resources */,
				DC97123F14F9DB9E0039443C /* Icon@2x.png in Resources */,
				DC97124114F9DBA50039443C /* Icon-72.png in Resources */,
				DC97124514F9DBD40039443C /* Doc~ipad.png in Resources */,
				DC97124614F9DBD40039443C /* Doc.png in Resources */,
				DC97124714F9DBD40039443C /* Doc@2x.png in Resources */,
				DC5754FD14FB30D500410FA2 /* sorting.png in Resources */,
				DC5754FE14FB30D500410FA2 /* sorting@2x~iphone.png in Resources */,
			);
			runOnlyForDeploymentPostprocessing = 0;
		};
/* End PBXResourcesBuildPhase section */

/* Begin PBXSourcesBuildPhase section */
		DC693BE614EED86B00E68BF8 /* Sources */ = {
			isa = PBXSourcesBuildPhase;
			buildActionMask = 2147483647;
			files = (
				DC693BFD14EED86B00E68BF8 /* main.m in Sources */,
				DC693C0114EED86C00E68BF8 /* DNDAppDelegate.m in Sources */,
				DC693C1D14EED89300E68BF8 /* GDataXMLNode.m in Sources */,
				DC693C2514EEDCB500E68BF8 /* XMLReader.m in Sources */,
				DC693C3814F0069200E68BF8 /* DictionaryExplorerViewController.m in Sources */,
				DCA8023C14F0A96E00620379 /* BlockActions.m in Sources */,
				DCA8023E14F0A96E00620379 /* Utility.m in Sources */,
				DCA8023F14F0A96E00620379 /* MBProgressHUD.m in Sources */,
				DCA8024014F0A96E00620379 /* UIWebView_Misc.m in Sources */,
				DCA8024414F0A9AA00620379 /* Data.m in Sources */,
				DCA8024814F1328900620379 /* ContentViewController.m in Sources */,
				DCA8024C14F1335100620379 /* Power.m in Sources */,
				DCA8024F14F1335100620379 /* RulesElement.m in Sources */,
				DC52E7E614F1E838002FEEC9 /* Weapon.m in Sources */,
				DCDCC1E914F32DFC004BE096 /* Loot.m in Sources */,
				DCDCC1F014F34567004BE096 /* Character.m in Sources */,
				DCDCC1F414F34C47004BE096 /* CharacterViewController.m in Sources */,
				DCDCC1F914F34DE8004BE096 /* MainViewController.m in Sources */,
				DCDCC1FD14F3DF25004BE096 /* AbilityScores.m in Sources */,
				DCDCC20014F41F3E004BE096 /* Skill.m in Sources */,
				DCDCC23314F44CA7004BE096 /* Stat.m in Sources */,
				DC9AB7BC14F6795D00B3B0F3 /* HelpViewController.m in Sources */,
				DC97121514F9654B0039443C /* FileViewController.m in Sources */,
				DC97121814F9655E0039443C /* PageViewController.m in Sources */,
				DC97121B14F96B240039443C /* FileCell.m in Sources */,
				DC97121E14F9748D0039443C /* CharViewController.m in Sources */,
				DC97122114F97F210039443C /* ScoresViewController.m in Sources */,
				DC97122414F985DD0039443C /* DetailViewController.m in Sources */,
				DC97122A14F99D830039443C /* PowerCell.m in Sources */,
				DC97122D14F99DAD0039443C /* PowerListViewController.m in Sources */,
				DC97123014F9A72A0039443C /* PowerDetailViewController.m in Sources */,
				DC97123314F9BBE50039443C /* PageDetailViewController.m in Sources */,
				DC97123614F9C1650039443C /* ListViewController.m in Sources */,
				DC97123914F9D4BD0039443C /* SkillCells.m in Sources */,
				DC5754F714FB279F00410FA2 /* ModalStaticSegue.m in Sources */,
				DC5754F814FB279F00410FA2 /* SlideLeftSegue.m in Sources */,
				DC5754F914FB279F00410FA2 /* SlideRightSegue.m in Sources */,
			);
			runOnlyForDeploymentPostprocessing = 0;
		};
/* End PBXSourcesBuildPhase section */

/* Begin PBXVariantGroup section */
		DC693BF914EED86B00E68BF8 /* InfoPlist.strings */ = {
			isa = PBXVariantGroup;
			children = (
				DC693BFA14EED86B00E68BF8 /* en */,
			);
			name = InfoPlist.strings;
			sourceTree = "<group>";
		};
/* End PBXVariantGroup section */

/* Begin XCBuildConfiguration section */
		DC693C1114EED86C00E68BF8 /* Debug */ = {
			isa = XCBuildConfiguration;
			buildSettings = {
				ALWAYS_SEARCH_USER_PATHS = NO;
				ARCHS = (
					armv7,
					armv6,
				);
				CLANG_ENABLE_OBJC_ARC = YES;
				"CODE_SIGN_IDENTITY[sdk=iphoneos*]" = "iPhone Developer";
				COPY_PHASE_STRIP = NO;
				GCC_C_LANGUAGE_STANDARD = gnu99;
				GCC_DYNAMIC_NO_PIC = NO;
				GCC_OPTIMIZATION_LEVEL = 0;
				GCC_PREPROCESSOR_DEFINITIONS = (
					"DEBUG=1",
					"$(inherited)",
				);
				GCC_SYMBOLS_PRIVATE_EXTERN = NO;
				GCC_VERSION = com.apple.compilers.llvm.clang.1_0;
				GCC_WARN_ABOUT_MISSING_PROTOTYPES = YES;
				GCC_WARN_ABOUT_RETURN_TYPE = YES;
				GCC_WARN_UNUSED_VARIABLE = YES;
				IPHONEOS_DEPLOYMENT_TARGET = 5.0;
				SDKROOT = iphoneos;
				TARGETED_DEVICE_FAMILY = "1,2";
			};
			name = Debug;
		};
		DC693C1214EED86C00E68BF8 /* Release */ = {
			isa = XCBuildConfiguration;
			buildSettings = {
				ALWAYS_SEARCH_USER_PATHS = NO;
				ARCHS = (
					armv7,
					armv6,
				);
				CLANG_ENABLE_OBJC_ARC = YES;
				"CODE_SIGN_IDENTITY[sdk=iphoneos*]" = "iPhone Developer";
				COPY_PHASE_STRIP = YES;
				GCC_C_LANGUAGE_STANDARD = gnu99;
				GCC_VERSION = com.apple.compilers.llvm.clang.1_0;
				GCC_WARN_ABOUT_MISSING_PROTOTYPES = YES;
				GCC_WARN_ABOUT_RETURN_TYPE = YES;
				GCC_WARN_UNUSED_VARIABLE = YES;
				IPHONEOS_DEPLOYMENT_TARGET = 5.0;
				OTHER_CFLAGS = "-DNS_BLOCK_ASSERTIONS=1";
				SDKROOT = iphoneos;
				TARGETED_DEVICE_FAMILY = "1,2";
				VALIDATE_PRODUCT = YES;
			};
			name = Release;
		};
		DC693C1414EED86C00E68BF8 /* Debug */ = {
			isa = XCBuildConfiguration;
			buildSettings = {
				ARCHS = (
					i386,
					armv6,
					armv7,
				);
				GCC_PRECOMPILE_PREFIX_HEADER = YES;
				GCC_PREFIX_HEADER = "DND4e/DND4e-Prefix.pch";
				HEADER_SEARCH_PATHS = /usr/include/libxml2;
				INFOPLIST_FILE = "DND4e/DND4e-Info.plist";
				IPHONEOS_DEPLOYMENT_TARGET = 5.0;
				OTHER_LDFLAGS = "-lxml2";
				PRODUCT_NAME = "$(TARGET_NAME)";
				RUN_CLANG_STATIC_ANALYZER = YES;
				SCAN_ALL_SOURCE_FILES_FOR_INCLUDES = NO;
				WRAPPER_EXTENSION = app;
			};
			name = Debug;
		};
		DC693C1514EED86C00E68BF8 /* Release */ = {
			isa = XCBuildConfiguration;
			buildSettings = {
				ARCHS = (
					i386,
					armv6,
					armv7,
				);
				CODE_SIGN_IDENTITY = "iPhone Distribution: Stephen Furlani";
				"CODE_SIGN_IDENTITY[sdk=iphoneos*]" = "iPhone Distribution";
				GCC_PRECOMPILE_PREFIX_HEADER = YES;
				GCC_PREFIX_HEADER = "DND4e/DND4e-Prefix.pch";
				HEADER_SEARCH_PATHS = /usr/include/libxml2;
				INFOPLIST_FILE = "DND4e/DND4e-Info.plist";
				IPHONEOS_DEPLOYMENT_TARGET = 5.0;
				OTHER_LDFLAGS = "-lxml2";
				PRODUCT_NAME = "$(TARGET_NAME)";
				PROVISIONING_PROFILE = "82A14ECB-0A62-4B8E-B210-D3B5A43C3BB3";
				"PROVISIONING_PROFILE[sdk=iphoneos*]" = "";
				RUN_CLANG_STATIC_ANALYZER = YES;
				SCAN_ALL_SOURCE_FILES_FOR_INCLUDES = NO;
				WRAPPER_EXTENSION = app;
			};
			name = Release;
		};
/* End XCBuildConfiguration section */

/* Begin XCConfigurationList section */
		DC693BE414EED86B00E68BF8 /* Build configuration list for PBXProject "DND4e" */ = {
			isa = XCConfigurationList;
			buildConfigurations = (
				DC693C1114EED86C00E68BF8 /* Debug */,
				DC693C1214EED86C00E68BF8 /* Release */,
			);
			defaultConfigurationIsVisible = 0;
			defaultConfigurationName = Release;
		};
		DC693C1314EED86C00E68BF8 /* Build configuration list for PBXNativeTarget "DND4e" */ = {
			isa = XCConfigurationList;
			buildConfigurations = (
				DC693C1414EED86C00E68BF8 /* Debug */,
				DC693C1514EED86C00E68BF8 /* Release */,
			);
			defaultConfigurationIsVisible = 0;
			defaultConfigurationName = Release;
		};
/* End XCConfigurationList section */
	};
	rootObject = DC693BE114EED86B00E68BF8 /* Project object */;
}
